// !$*UTF8*$!
{
	archiveVersion = 1;
	classes = {
	};
	objectVersion = 46;
	objects = {

/* Begin PBXBuildFile section */
		600FDAF61D6857CA0067FA6F /* main.m in Sources */ = {isa = PBXBuildFile; fileRef = 600FDAF51D6857CA0067FA6F /* main.m */; };
		600FDAFF1D6857CA0067FA6F /* Main.storyboard in Resources */ = {isa = PBXBuildFile; fileRef = 600FDAFD1D6857CA0067FA6F /* Main.storyboard */; };
		600FDB011D6857CA0067FA6F /* Assets.xcassets in Resources */ = {isa = PBXBuildFile; fileRef = 600FDB001D6857CA0067FA6F /* Assets.xcassets */; };
		600FDB041D6857CA0067FA6F /* LaunchScreen.storyboard in Resources */ = {isa = PBXBuildFile; fileRef = 600FDB021D6857CA0067FA6F /* LaunchScreen.storyboard */; };
		600FDB151D6876940067FA6F /* ViewController.m in Sources */ = {isa = PBXBuildFile; fileRef = 600FDB101D6876940067FA6F /* ViewController.m */; };
		600FDB161D6876940067FA6F /* AppDelegate.m in Sources */ = {isa = PBXBuildFile; fileRef = 600FDB141D6876940067FA6F /* AppDelegate.m */; };
		600FDB191D6879250067FA6F /* GDDownloadOperation.m in Sources */ = {isa = PBXBuildFile; fileRef = 600FDB181D6879250067FA6F /* GDDownloadOperation.m */; };
/* End PBXBuildFile section */

/* Begin PBXFileReference section */
		600FDAF11D6857CA0067FA6F /* GDSDWebImage.app */ = {isa = PBXFileReference; explicitFileType = wrapper.application; includeInIndex = 0; path = GDSDWebImage.app; sourceTree = BUILT_PRODUCTS_DIR; };
		600FDAF51D6857CA0067FA6F /* main.m */ = {isa = PBXFileReference; lastKnownFileType = sourcecode.c.objc; path = main.m; sourceTree = "<group>"; };
		600FDAFE1D6857CA0067FA6F /* Base */ = {isa = PBXFileReference; lastKnownFileType = file.storyboard; name = Base; path = Base.lproj/Main.storyboard; sourceTree = "<group>"; };
		600FDB001D6857CA0067FA6F /* Assets.xcassets */ = {isa = PBXFileReference; lastKnownFileType = folder.assetcatalog; path = Assets.xcassets; sourceTree = "<group>"; };
		600FDB031D6857CA0067FA6F /* Base */ = {isa = PBXFileReference; lastKnownFileType = file.storyboard; name = Base; path = Base.lproj/LaunchScreen.storyboard; sourceTree = "<group>"; };
		600FDB051D6857CA0067FA6F /* Info.plist */ = {isa = PBXFileReference; lastKnownFileType = text.plist.xml; path = Info.plist; sourceTree = "<group>"; };
		600FDB0F1D6876940067FA6F /* ViewController.h */ = {isa = PBXFileReference; fileEncoding = 4; lastKnownFileType = sourcecode.c.h; path = ViewController.h; sourceTree = "<group>"; };
		600FDB101D6876940067FA6F /* ViewController.m */ = {isa = PBXFileReference; fileEncoding = 4; lastKnownFileType = sourcecode.c.objc; path = ViewController.m; sourceTree = "<group>"; };
		600FDB131D6876940067FA6F /* AppDelegate.h */ = {isa = PBXFileReference; fileEncoding = 4; lastKnownFileType = sourcecode.c.h; path = AppDelegate.h; sourceTree = "<group>"; };
		600FDB141D6876940067FA6F /* AppDelegate.m */ = {isa = PBXFileReference; fileEncoding = 4; lastKnownFileType = sourcecode.c.objc; path = AppDelegate.m; sourceTree = "<group>"; };
		600FDB171D6879250067FA6F /* GDDownloadOperation.h */ = {isa = PBXFileReference; fileEncoding = 4; lastKnownFileType = sourcecode.c.h; path = GDDownloadOperation.h; sourceTree = "<group>"; };
		600FDB181D6879250067FA6F /* GDDownloadOperation.m */ = {isa = PBXFileReference; fileEncoding = 4; lastKnownFileType = sourcecode.c.objc; path = GDDownloadOperation.m; sourceTree = "<group>"; };
/* End PBXFileReference section */

/* Begin PBXFrameworksBuildPhase section */
		600FDAEE1D6857CA0067FA6F /* Frameworks */ = {
			isa = PBXFrameworksBuildPhase;
			buildActionMask = 2147483647;
			files = (
			);
			runOnlyForDeploymentPostprocessing = 0;
		};
/* End PBXFrameworksBuildPhase section */

/* Begin PBXGroup section */
		600FDAE81D6857CA0067FA6F = {
			isa = PBXGroup;
			children = (
				600FDAF31D6857CA0067FA6F /* GDSDWebImage */,
				600FDAF21D6857CA0067FA6F /* Products */,
			);
			sourceTree = "<group>";
		};
		600FDAF21D6857CA0067FA6F /* Products */ = {
			isa = PBXGroup;
			children = (
				600FDAF11D6857CA0067FA6F /* GDSDWebImage.app */,
			);
			name = Products;
			sourceTree = "<group>";
		};
		600FDAF31D6857CA0067FA6F /* GDSDWebImage */ = {
			isa = PBXGroup;
			children = (
				600FDB0D1D6876940067FA6F /* Classes */,
				600FDAF41D6857CA0067FA6F /* Supporting Files */,
			);
			path = GDSDWebImage;
			sourceTree = "<group>";
		};
		600FDAF41D6857CA0067FA6F /* Supporting Files */ = {
			isa = PBXGroup;
			children = (
				600FDAFD1D6857CA0067FA6F /* Main.storyboard */,
				600FDB001D6857CA0067FA6F /* Assets.xcassets */,
				600FDB021D6857CA0067FA6F /* LaunchScreen.storyboard */,
				600FDB051D6857CA0067FA6F /* Info.plist */,
				600FDAF51D6857CA0067FA6F /* main.m */,
			);
			name = "Supporting Files";
			sourceTree = "<group>";
		};
		600FDB0D1D6876940067FA6F /* Classes */ = {
			isa = PBXGroup;
			children = (
				600FDB0E1D6876940067FA6F /* Controller */,
				600FDB111D6876940067FA6F /* MYWebImage */,
				600FDB121D6876940067FA6F /* Other */,
			);
			path = Classes;
			sourceTree = "<group>";
		};
		600FDB0E1D6876940067FA6F /* Controller */ = {
			isa = PBXGroup;
			children = (
				600FDB0F1D6876940067FA6F /* ViewController.h */,
				600FDB101D6876940067FA6F /* ViewController.m */,
			);
			path = Controller;
			sourceTree = "<group>";
		};
		600FDB111D6876940067FA6F /* MYWebImage */ = {
			isa = PBXGroup;
			children = (
				600FDB171D6879250067FA6F /* GDDownloadOperation.h */,
				600FDB181D6879250067FA6F /* GDDownloadOperation.m */,
			);
			path = MYWebImage;
			sourceTree = "<group>";
		};
		600FDB121D6876940067FA6F /* Other */ = {
			isa = PBXGroup;
			children = (
				600FDB131D6876940067FA6F /* AppDelegate.h */,
				600FDB141D6876940067FA6F /* AppDelegate.m */,
			);
			path = Other;
			sourceTree = "<group>";
		};
/* End PBXGroup section */

/* Begin PBXNativeTarget section */
		600FDAF01D6857CA0067FA6F /* GDSDWebImage */ = {
			isa = PBXNativeTarget;
			buildConfigurationList = 600FDB081D6857CA0067FA6F /* Build configuration list for PBXNativeTarget "GDSDWebImage" */;
			buildPhases = (
				600FDAED1D6857CA0067FA6F /* Sources */,
				600FDAEE1D6857CA0067FA6F /* Frameworks */,
				600FDAEF1D6857CA0067FA6F /* Resources */,
			);
			buildRules = (
			);
			dependencies = (
			);
			name = GDSDWebImage;
			productName = GDSDWebImage;
			productReference = 600FDAF11D6857CA0067FA6F /* GDSDWebImage.app */;
			productType = "com.apple.product-type.application";
		};
/* End PBXNativeTarget section */

/* Begin PBXProject section */
		600FDAE91D6857CA0067FA6F /* Project object */ = {
			isa = PBXProject;
			attributes = {
				CLASSPREFIX = GD;
				LastUpgradeCheck = 0730;
				ORGANIZATIONNAME = geduo;
				TargetAttributes = {
					600FDAF01D6857CA0067FA6F = {
						CreatedOnToolsVersion = 7.3.1;
					};
				};
			};
			buildConfigurationList = 600FDAEC1D6857CA0067FA6F /* Build configuration list for PBXProject "GDSDWebImage" */;
			compatibilityVersion = "Xcode 3.2";
			developmentRegion = English;
			hasScannedForEncodings = 0;
			knownRegions = (
				en,
				Base,
			);
			mainGroup = 600FDAE81D6857CA0067FA6F;
			productRefGroup = 600FDAF21D6857CA0067FA6F /* Products */;
			projectDirPath = "";
			projectRoot = "";
			targets = (
				600FDAF01D6857CA0067FA6F /* GDSDWebImage */,
			);
		};
/* End PBXProject section */

/* Begin PBXResourcesBuildPhase section */
		600FDAEF1D6857CA0067FA6F /* Resources */ = {
			isa = PBXResourcesBuildPhase;
			buildActionMask = 2147483647;
			files = (
				600FDB041D6857CA0067FA6F /* LaunchScreen.storyboard in Resources */,
				600FDB011D6857CA0067FA6F /* Assets.xcassets in Resources */,
				600FDAFF1D6857CA0067FA6F /* Main.storyboard in Resources */,
			);
			runOnlyForDeploymentPostprocessing = 0;
		};
/* End PBXResourcesBuildPhase section */

/* Begin PBXSourcesBuildPhase section */
		600FDAED1D6857CA0067FA6F /* Sources */ = {
			isa = PBXSourcesBuildPhase;
			buildActionMask = 2147483647;
			files = (
				600FDB191D6879250067FA6F /* GDDownloadOperation.m in Sources */,
				600FDB151D6876940067FA6F /* ViewController.m in Sources */,
				600FDAF61D6857CA0067FA6F /* main.m in Sources */,
				600FDB161D6876940067FA6F /* AppDelegate.m in Sources */,
			);
			runOnlyForDeploymentPostprocessing = 0;
		};
/* End PBXSourcesBuildPhase section */

/* Begin PBXVariantGroup section */
		600FDAFD1D6857CA0067FA6F /* Main.storyboard */ = {
			isa = PBXVariantGroup;
			children = (
				600FDAFE1D6857CA0067FA6F /* Base */,
			);
			name = Main.storyboard;
			sourceTree = "<group>";
		};
		600FDB021D6857CA0067FA6F /* LaunchScreen.storyboard */ = {
			isa = PBXVariantGroup;
			children = (
				600FDB031D6857CA0067FA6F /* Base */,
			);
			name = LaunchScreen.storyboard;
			sourceTree = "<group>";
		};
/* End PBXVariantGroup section */

/* Begin XCBuildConfiguration section */
		600FDB061D6857CA0067FA6F /* Debug */ = {
			isa = XCBuildConfiguration;
			buildSettings = {
				ALWAYS_SEARCH_USER_PATHS = NO;
				CLANG_ANALYZER_NONNULL = YES;
				CLANG_CXX_LANGUAGE_STANDARD = "gnu++0x";
				CLANG_CXX_LIBRARY = "libc++";
				CLANG_ENABLE_MODULES = YES;
				CLANG_ENABLE_OBJC_ARC = YES;
				CLANG_WARN_BOOL_CONVERSION = YES;
				CLANG_WARN_CONSTANT_CONVERSION = YES;
				CLANG_WARN_DIRECT_OBJC_ISA_USAGE = YES_ERROR;
				CLANG_WARN_EMPTY_BODY = YES;
				CLANG_WARN_ENUM_CONVERSION = YES;
				CLANG_WARN_INT_CONVERSION = YES;
				CLANG_WARN_OBJC_ROOT_CLASS = YES_ERROR;
				CLANG_WARN_UNREACHABLE_CODE = YES;
				CLANG_WARN__DUPLICATE_METHOD_MATCH = YES;
				"CODE_SIGN_IDENTITY[sdk=iphoneos*]" = "iPhone Developer";
				COPY_PHASE_STRIP = NO;
				DEBUG_INFORMATION_FORMAT = dwarf;
				ENABLE_STRICT_OBJC_MSGSEND = YES;
				ENABLE_TESTABILITY = YES;
				GCC_C_LANGUAGE_STANDARD = gnu99;
				GCC_DYNAMIC_NO_PIC = NO;
				GCC_NO_COMMON_BLOCKS = YES;
				GCC_OPTIMIZATION_LEVEL = 0;
				GCC_PREPROCESSOR_DEFINITIONS = (
					"DEBUG=1",
					"$(inherited)",
				);
				GCC_WARN_64_TO_32_BIT_CONVERSION = YES;
				GCC_WARN_ABOUT_RETURN_TYPE = YES_ERROR;
				GCC_WARN_UNDECLARED_SELECTOR = YES;
				GCC_WARN_UNINITIALIZED_AUTOS = YES_AGGRESSIVE;
				GCC_WARN_UNUSED_FUNCTION = YES;
				GCC_WARN_UNUSED_VARIABLE = YES;
				IPHONEOS_DEPLOYMENT_TARGET = 9.3;
				MTL_ENABLE_DEBUG_INFO = YES;
				ONLY_ACTIVE_ARCH = YES;
				SDKROOT = iphoneos;
			};
			name = Debug;
		};
		600FDB071D6857CA0067FA6F /* Release */ = {
			isa = XCBuildConfiguration;
			buildSettings = {
				ALWAYS_SEARCH_USER_PATHS = NO;
				CLANG_ANALYZER_NONNULL = YES;
				CLANG_CXX_LANGUAGE_STANDARD = "gnu++0x";
				CLANG_CXX_LIBRARY = "libc++";
				CLANG_ENABLE_MODULES = YES;
				CLANG_ENABLE_OBJC_ARC = YES;
				CLANG_WARN_BOOL_CONVERSION = YES;
				CLANG_WARN_CONSTANT_CONVERSION = YES;
				CLANG_WARN_DIRECT_OBJC_ISA_USAGE = YES_ERROR;
				CLANG_WARN_EMPTY_BODY = YES;
				CLANG_WARN_ENUM_CONVERSION = YES;
				CLANG_WARN_INT_CONVERSION = YES;
				CLANG_WARN_OBJC_ROOT_CLASS = YES_ERROR;
				CLANG_WARN_UNREACHABLE_CODE = YES;
				CLANG_WARN__DUPLICATE_METHOD_MATCH = YES;
				"CODE_SIGN_IDENTITY[sdk=iphoneos*]" = "iPhone Developer";
				COPY_PHASE_STRIP = NO;
				DEBUG_INFORMATION_FORMAT = "dwarf-with-dsym";
				ENABLE_NS_ASSERTIONS = NO;
				ENABLE_STRICT_OBJC_MSGSEND = YES;
				GCC_C_LANGUAGE_STANDARD = gnu99;
				GCC_NO_COMMON_BLOCKS = YES;
				GCC_WARN_64_TO_32_BIT_CONVERSION = YES;
				GCC_WARN_ABOUT_RETURN_TYPE = YES_ERROR;
				GCC_WARN_UNDECLARED_SELECTOR = YES;
				GCC_WARN_UNINITIALIZED_AUTOS = YES_AGGRESSIVE;
				GCC_WARN_UNUSED_FUNCTION = YES;
				GCC_WARN_UNUSED_VARIABLE = YES;
				IPHONEOS_DEPLOYMENT_TARGET = 9.3;
				MTL_ENABLE_DEBUG_INFO = NO;
				SDKROOT = iphoneos;
				VALIDATE_PRODUCT = YES;
			};
			name = Release;
		};
		600FDB091D6857CA0067FA6F /* Debug */ = {
			isa = XCBuildConfiguration;
			buildSettings = {
				ASSETCATALOG_COMPILER_APPICON_NAME = AppIcon;
				INFOPLIST_FILE = GDSDWebImage/Info.plist;
				LD_RUNPATH_SEARCH_PATHS = "$(inherited) @executable_path/Frameworks";
				PRODUCT_BUNDLE_IDENTIFIER = com.geduo.GDSDWebImage;
				PRODUCT_NAME = "$(TARGET_NAME)";
			};
			name = Debug;
		};
		600FDB0A1D6857CA0067FA6F /* Release */ = {
			isa = XCBuildConfiguration;
			buildSettings = {
				ASSETCATALOG_COMPILER_APPICON_NAME = AppIcon;
				INFOPLIST_FILE = GDSDWebImage/Info.plist;
				LD_RUNPATH_SEARCH_PATHS = "$(inherited) @executable_path/Frameworks";
				PRODUCT_BUNDLE_IDENTIFIER = com.geduo.GDSDWebImage;
				PRODUCT_NAME = "$(TARGET_NAME)";
			};
			name = Release;
		};
/* End XCBuildConfiguration section */

/* Begin XCConfigurationList section */
		600FDAEC1D6857CA0067FA6F /* Build configuration list for PBXProject "GDSDWebImage" */ = {
			isa = XCConfigurationList;
			buildConfigurations = (
				600FDB061D6857CA0067FA6F /* Debug */,
				600FDB071D6857CA0067FA6F /* Release */,
			);
			defaultConfigurationIsVisible = 0;
			defaultConfigurationName = Release;
		};
		600FDB081D6857CA0067FA6F /* Build configuration list for PBXNativeTarget "GDSDWebImage" */ = {
			isa = XCConfigurationList;
			buildConfigurations = (
				600FDB091D6857CA0067FA6F /* Debug */,
				600FDB0A1D6857CA0067FA6F /* Release */,
			);
			defaultConfigurationIsVisible = 0;
		};
/* End XCConfigurationList section */
	};
	rootObject = 600FDAE91D6857CA0067FA6F /* Project object */;
}
